
Microsoft Visual Studio Solution File, Format Version 12.00
# Visual Studio Version 17
VisualStudioVersion = 17.2.32630.192
MinimumVisualStudioVersion = 10.0.40219.1
Project("{2150E333-8FDC-42A3-9474-1A3956D46DE8}") = "Tests", "Tests", "{1B4D6D1F-BEDC-490A-AD58-77A50F0E5C9B}"
EndProject
Project("{2150E333-8FDC-42A3-9474-1A3956D46DE8}") = "src", "src", "{A7E6C889-D97E-4AC8-9463-AAAE3E104053}"
EndProject
Project("{9A19103F-16F7-4668-BE54-9A1E7A4F7556}") = "BA.Roslyn.AttributeRules", "src\BA.Roslyn.AttributeRules\BA.Roslyn.AttributeRules.csproj", "{2D48A722-0F19-46B6-A64B-273C1502005C}"
EndProject
Project("{9A19103F-16F7-4668-BE54-9A1E7A4F7556}") = "BA.Roslyn.AttributeRules.Tests", "src\BA.Roslyn.AttributeRules.Tests\BA.Roslyn.AttributeRules.Tests.csproj", "{44FBC732-8436-40EF-ABB4-F2772685D3EB}"
EndProject
Project("{9A19103F-16F7-4668-BE54-9A1E7A4F7556}") = "BA.Roslyn.AttributeRules.IntegrationTests", "src\BA.Roslyn.AttributeRules.IntegrationTests\BA.Roslyn.AttributeRules.IntegrationTests.csproj", "{17D96F5E-0C44-4E71-93AB-7039C69A537E}"
EndProject
Project("{2150E333-8FDC-42A3-9474-1A3956D46DE8}") = "Solution Items", "Solution Items", "{521027B9-C620-4B3F-B25F-6FDE0D7FFB6E}"
	ProjectSection(SolutionItems) = preProject
		.editorconfig = .editorconfig
	EndProjectSection
EndProject
Project("{FAE04EC0-301F-11D3-BF4B-00C04F79EFBC}") = "BA.Roslyn.ClassContextGenerator", "src\BA.Roslyn.ClassContextGenerator\BA.Roslyn.ClassContextGenerator.csproj", "{DCCB9EE9-6F74-4FE7-81DD-3FF3F5AAD088}"
EndProject
Project("{FAE04EC0-301F-11D3-BF4B-00C04F79EFBC}") = "BA.Roslyn.ClassContextGenerator.Tests", "src\BA.Roslyn.ClassContextGenerator.Tests\BA.Roslyn.ClassContextGenerator.Tests.csproj", "{99E26CC8-17F0-410F-90C9-DF353311D8E3}"
EndProject
Project("{FAE04EC0-301F-11D3-BF4B-00C04F79EFBC}") = "BA.Roslyn.ClassContextGenerator.Abstractions", "src\BA.Roslyn.ClassContextGenerator.Abstractions\BA.Roslyn.ClassContextGenerator.Abstractions.csproj", "{26034E88-EF90-472C-8154-4B980E9C33C4}"
EndProject
Global
	GlobalSection(SolutionConfigurationPlatforms) = preSolution
		Debug|Any CPU = Debug|Any CPU
		Release|Any CPU = Release|Any CPU
	EndGlobalSection
	GlobalSection(ProjectConfigurationPlatforms) = postSolution
		{2D48A722-0F19-46B6-A64B-273C1502005C}.Debug|Any CPU.ActiveCfg = Debug|Any CPU
		{2D48A722-0F19-46B6-A64B-273C1502005C}.Debug|Any CPU.Build.0 = Debug|Any CPU
		{2D48A722-0F19-46B6-A64B-273C1502005C}.Release|Any CPU.ActiveCfg = Release|Any CPU
		{2D48A722-0F19-46B6-A64B-273C1502005C}.Release|Any CPU.Build.0 = Release|Any CPU
		{44FBC732-8436-40EF-ABB4-F2772685D3EB}.Debug|Any CPU.ActiveCfg = Debug|Any CPU
		{44FBC732-8436-40EF-ABB4-F2772685D3EB}.Debug|Any CPU.Build.0 = Debug|Any CPU
		{44FBC732-8436-40EF-ABB4-F2772685D3EB}.Release|Any CPU.ActiveCfg = Release|Any CPU
		{44FBC732-8436-40EF-ABB4-F2772685D3EB}.Release|Any CPU.Build.0 = Release|Any CPU
		{17D96F5E-0C44-4E71-93AB-7039C69A537E}.Debug|Any CPU.ActiveCfg = Debug|Any CPU
		{17D96F5E-0C44-4E71-93AB-7039C69A537E}.Debug|Any CPU.Build.0 = Debug|Any CPU
		{17D96F5E-0C44-4E71-93AB-7039C69A537E}.Release|Any CPU.ActiveCfg = Release|Any CPU
		{17D96F5E-0C44-4E71-93AB-7039C69A537E}.Release|Any CPU.Build.0 = Release|Any CPU
		{DCCB9EE9-6F74-4FE7-81DD-3FF3F5AAD088}.Debug|Any CPU.ActiveCfg = Debug|Any CPU
		{DCCB9EE9-6F74-4FE7-81DD-3FF3F5AAD088}.Debug|Any CPU.Build.0 = Debug|Any CPU
		{DCCB9EE9-6F74-4FE7-81DD-3FF3F5AAD088}.Release|Any CPU.ActiveCfg = Release|Any CPU
		{DCCB9EE9-6F74-4FE7-81DD-3FF3F5AAD088}.Release|Any CPU.Build.0 = Release|Any CPU
		{99E26CC8-17F0-410F-90C9-DF353311D8E3}.Debug|Any CPU.ActiveCfg = Debug|Any CPU
		{99E26CC8-17F0-410F-90C9-DF353311D8E3}.Debug|Any CPU.Build.0 = Debug|Any CPU
		{99E26CC8-17F0-410F-90C9-DF353311D8E3}.Release|Any CPU.ActiveCfg = Release|Any CPU
		{99E26CC8-17F0-410F-90C9-DF353311D8E3}.Release|Any CPU.Build.0 = Release|Any CPU
		{26034E88-EF90-472C-8154-4B980E9C33C4}.Debug|Any CPU.ActiveCfg = Debug|Any CPU
		{26034E88-EF90-472C-8154-4B980E9C33C4}.Debug|Any CPU.Build.0 = Debug|Any CPU
		{26034E88-EF90-472C-8154-4B980E9C33C4}.Release|Any CPU.ActiveCfg = Release|Any CPU
		{26034E88-EF90-472C-8154-4B980E9C33C4}.Release|Any CPU.Build.0 = Release|Any CPU
	EndGlobalSection
	GlobalSection(SolutionProperties) = preSolution
		HideSolutionNode = FALSE
	EndGlobalSection
	GlobalSection(NestedProjects) = preSolution
		{2D48A722-0F19-46B6-A64B-273C1502005C} = {A7E6C889-D97E-4AC8-9463-AAAE3E104053}
		{44FBC732-8436-40EF-ABB4-F2772685D3EB} = {1B4D6D1F-BEDC-490A-AD58-77A50F0E5C9B}
		{17D96F5E-0C44-4E71-93AB-7039C69A537E} = {1B4D6D1F-BEDC-490A-AD58-77A50F0E5C9B}
		{DCCB9EE9-6F74-4FE7-81DD-3FF3F5AAD088} = {A7E6C889-D97E-4AC8-9463-AAAE3E104053}
		{99E26CC8-17F0-410F-90C9-DF353311D8E3} = {1B4D6D1F-BEDC-490A-AD58-77A50F0E5C9B}
		{26034E88-EF90-472C-8154-4B980E9C33C4} = {A7E6C889-D97E-4AC8-9463-AAAE3E104053}
	EndGlobalSection
	GlobalSection(ExtensibilityGlobals) = postSolution
		SolutionGuid = {27E887C4-1106-402A-837A-0CA3CE9B61A0}
	EndGlobalSection
EndGlobal
